
Microsoft Visual Studio Solution File, Format Version 12.00
# Visual Studio 15
VisualStudioVersion = 15.0.26430.13
MinimumVisualStudioVersion = 10.0.40219.1
Project("{FAE04EC0-301F-11D3-BF4B-00C04F79EFBC}") = "TeamCityDemo", "TeamCityDemo\TeamCityDemo.csproj", "{531D9139-F17E-452D-AF3F-60C1B9BC9F66}"
EndProject
Project("{FAE04EC0-301F-11D3-BF4B-00C04F79EFBC}") = "TeamCityDemo.Tests", "TeamCityDemo.Tests\TeamCityDemo.Tests.csproj", "{57EA2CAE-85FB-44DB-A9E1-B4E8D7BD0970}"
EndProject
Global
	GlobalSection(SolutionConfigurationPlatforms) = preSolution
		Debug|Any CPU = Debug|Any CPU
		Release|Any CPU = Release|Any CPU
	EndGlobalSection
	GlobalSection(ProjectConfigurationPlatforms) = postSolution
		{531D9139-F17E-452D-AF3F-60C1B9BC9F66}.Debug|Any CPU.ActiveCfg = Debug|Any CPU
		{531D9139-F17E-452D-AF3F-60C1B9BC9F66}.Debug|Any CPU.Build.0 = Debug|Any CPU
		{531D9139-F17E-452D-AF3F-60C1B9BC9F66}.Release|Any CPU.ActiveCfg = Release|Any CPU
		{531D9139-F17E-452D-AF3F-60C1B9BC9F66}.Release|Any CPU.Build.0 = Release|Any CPU
		{57EA2CAE-85FB-44DB-A9E1-B4E8D7BD0970}.Debug|Any CPU.ActiveCfg = Debug|Any CPU
		{57EA2CAE-85FB-44DB-A9E1-B4E8D7BD0970}.Debug|Any CPU.Build.0 = Debug|Any CPU
		{57EA2CAE-85FB-44DB-A9E1-B4E8D7BD0970}.Release|Any CPU.ActiveCfg = Release|Any CPU
		{57EA2CAE-85FB-44DB-A9E1-B4E8D7BD0970}.Release|Any CPU.Build.0 = Release|Any CPU
	EndGlobalSection
	GlobalSection(SolutionProperties) = preSolution
		HideSolutionNode = FALSE
	EndGlobalSection
EndGlobal
